
Microsoft Visual Studio Solution File, Format Version 12.00
Project("{FAE04EC0-301F-11D3-BF4B-00C04F79EFBC}") = "Test", "Test\Test.csproj", "{F124C2EE-005A-4E66-A1C7-DEAC9BC55ECE}"
EndProject
Global
	GlobalSection(SolutionConfigurationPlatforms) = preSolution
		Debug|Any CPU = Debug|Any CPU
		Release|Any CPU = Release|Any CPU
	EndGlobalSection
	GlobalSection(ProjectConfigurationPlatforms) = postSolution
		{F124C2EE-005A-4E66-A1C7-DEAC9BC55ECE}.Debug|Any CPU.ActiveCfg = Debug|Any CPU
		{F124C2EE-005A-4E66-A1C7-DEAC9BC55ECE}.Debug|Any CPU.Build.0 = Debug|Any CPU
		{F124C2EE-005A-4E66-A1C7-DEAC9BC55ECE}.Release|Any CPU.ActiveCfg = Release|Any CPU
		{F124C2EE-005A-4E66-A1C7-DEAC9BC55ECE}.Release|Any CPU.Build.0 = Release|Any CPU
	EndGlobalSection
EndGlobal
